
Microsoft Visual Studio Solution File, Format Version 12.00
# Visual Studio Version 16
VisualStudioVersion = 16.0.34407.143
MinimumVisualStudioVersion = 10.0.40219.1
Project("{F184B08F-C81C-45F6-A57F-5ABD9991F28F}") = "PS5Debug_Elf_Injectior", "PS5Debug_Elf_Injectior\PS5Debug_Elf_Injectior.vbproj", "{9A878118-F3B4-4DD0-9C47-D637628ED297}"
EndProject
Global
	GlobalSection(SolutionConfigurationPlatforms) = preSolution
		Debug|Any CPU = Debug|Any CPU
		Release|Any CPU = Release|Any CPU
	EndGlobalSection
	GlobalSection(ProjectConfigurationPlatforms) = postSolution
		{9A878118-F3B4-4DD0-9C47-D637628ED297}.Debug|Any CPU.ActiveCfg = Debug|Any CPU
		{9A878118-F3B4-4DD0-9C47-D637628ED297}.Debug|Any CPU.Build.0 = Debug|Any CPU
		{9A878118-F3B4-4DD0-9C47-D637628ED297}.Release|Any CPU.ActiveCfg = Release|Any CPU
		{9A878118-F3B4-4DD0-9C47-D637628ED297}.Release|Any CPU.Build.0 = Release|Any CPU
	EndGlobalSection
	GlobalSection(SolutionProperties) = preSolution
		HideSolutionNode = FALSE
	EndGlobalSection
	GlobalSection(ExtensibilityGlobals) = postSolution
		SolutionGuid = {D32DAC84-20ED-4576-ABD1-B5FA0E7CC9F0}
	EndGlobalSection
EndGlobal
